
Microsoft Visual Studio Solution File, Format Version 12.00
# Visual Studio Version 17
VisualStudioVersion = 17.8.34316.72
MinimumVisualStudioVersion = 10.0.40219.1
Project("{9A19103F-16F7-4668-BE54-9A1E7A4F7556}") = "RobinsonSportApp.Web", "RobinsonSportApp.Web\RobinsonSportApp.Web.csproj", "{0EA76693-62DB-4BB1-B0CC-F4EC288E7825}"
EndProject
Project("{9A19103F-16F7-4668-BE54-9A1E7A4F7556}") = "RobinsonSportApp.Core", "RobinsonSportApp.Core\RobinsonSportApp.Core.csproj", "{D42FE479-23D6-4422-B0BE-C75634C84B7D}"
EndProject
Project("{FAE04EC0-301F-11D3-BF4B-00C04F79EFBC}") = "RobinsonSportApp.Data", "RobinsonSportApp.Data\RobinsonSportApp.Data.csproj", "{34DCED4F-28BF-419B-9C13-BA193CF33FF4}"
EndProject
Global
	GlobalSection(SolutionConfigurationPlatforms) = preSolution
		Debug|Any CPU = Debug|Any CPU
		Release|Any CPU = Release|Any CPU
	EndGlobalSection
	GlobalSection(ProjectConfigurationPlatforms) = postSolution
		{0EA76693-62DB-4BB1-B0CC-F4EC288E7825}.Debug|Any CPU.ActiveCfg = Debug|Any CPU
		{0EA76693-62DB-4BB1-B0CC-F4EC288E7825}.Debug|Any CPU.Build.0 = Debug|Any CPU
		{0EA76693-62DB-4BB1-B0CC-F4EC288E7825}.Release|Any CPU.ActiveCfg = Release|Any CPU
		{0EA76693-62DB-4BB1-B0CC-F4EC288E7825}.Release|Any CPU.Build.0 = Release|Any CPU
		{D42FE479-23D6-4422-B0BE-C75634C84B7D}.Debug|Any CPU.ActiveCfg = Debug|Any CPU
		{D42FE479-23D6-4422-B0BE-C75634C84B7D}.Debug|Any CPU.Build.0 = Debug|Any CPU
		{D42FE479-23D6-4422-B0BE-C75634C84B7D}.Release|Any CPU.ActiveCfg = Release|Any CPU
		{D42FE479-23D6-4422-B0BE-C75634C84B7D}.Release|Any CPU.Build.0 = Release|Any CPU
		{34DCED4F-28BF-419B-9C13-BA193CF33FF4}.Debug|Any CPU.ActiveCfg = Debug|Any CPU
		{34DCED4F-28BF-419B-9C13-BA193CF33FF4}.Debug|Any CPU.Build.0 = Debug|Any CPU
		{34DCED4F-28BF-419B-9C13-BA193CF33FF4}.Release|Any CPU.ActiveCfg = Release|Any CPU
		{34DCED4F-28BF-419B-9C13-BA193CF33FF4}.Release|Any CPU.Build.0 = Release|Any CPU
	EndGlobalSection
	GlobalSection(SolutionProperties) = preSolution
		HideSolutionNode = FALSE
	EndGlobalSection
	GlobalSection(ExtensibilityGlobals) = postSolution
		SolutionGuid = {30643B98-06CF-4727-B27D-51036B0D9A3D}
	EndGlobalSection
EndGlobal
